{
  "requires": true,
  "lockfileVersion": 1,
  "dependencies": {
    "bootstrap-table": {
      "version": "1.15.2",
      "resolved": "https://registry.npmjs.org/bootstrap-table/-/bootstrap-table-1.15.2.tgz",
      "integrity": "sha512-wStieT+3llzcnuyzhmsWG7i82T13zg3Jv01fL+FdITKltpZ/1bxbEIJjtpXyi6dKhKBrhJ/wZJBlnkl9BFKnkQ=="
    }
  }
}
